
Microsoft Visual Studio Solution File, Format Version 12.00
# Visual Studio 2012
Project("{E24C65DC-7377-472B-9ABA-BC803B73C61A}") = "www.steelstampede.com", "http://localhost:7291", "{7284BD7D-55EA-4C8E-A7F8-BD324A81315B}"
	ProjectSection(WebsiteProperties) = preProject
		SccProjectName = "SAK"
		SccAuxPath = "SAK"
		SccLocalPath = "SAK"
		SccProvider = "SAK"
		UseIISExpress = "true"
		TargetFrameworkMoniker = ".NETFramework,Version%3Dv3.5"
		Debug.AspNetCompiler.VirtualPath = "/localhost_7291"
		Debug.AspNetCompiler.PhysicalPath = "..\..\WebSites\www.steelstampede.com\"
		Debug.AspNetCompiler.TargetPath = "PrecompiledWeb\localhost_7291\"
		Debug.AspNetCompiler.Updateable = "true"
		Debug.AspNetCompiler.ForceOverwrite = "true"
		Debug.AspNetCompiler.FixedNames = "false"
		Debug.AspNetCompiler.Debug = "True"
		Release.AspNetCompiler.VirtualPath = "/localhost_7291"
		Release.AspNetCompiler.PhysicalPath = "..\..\WebSites\www.steelstampede.com\"
		Release.AspNetCompiler.TargetPath = "PrecompiledWeb\localhost_7291\"
		Release.AspNetCompiler.Updateable = "true"
		Release.AspNetCompiler.ForceOverwrite = "true"
		Release.AspNetCompiler.FixedNames = "false"
		Release.AspNetCompiler.Debug = "False"
		SlnRelativePath = "..\..\WebSites\www.steelstampede.com\"
		DefaultWebSiteLanguage = "Visual C#"
	EndProjectSection
EndProject
Global
	GlobalSection(TeamFoundationVersionControl) = preSolution
		SccNumberOfProjects = 2
		SccEnterpriseProvider = {4CA58AB2-18FA-4F8D-95D4-32DDF27D184C}
		SccTeamFoundationServer = https://dkearney1.visualstudio.com/defaultcollection
		SccLocalPath0 = .
		SccWebProject1 = true
		SccProjectUniqueName1 = http://localhost:7291
		SccProjectName1 = ../www.steelstampede.com_1
		SccLocalPath1 = ..\\..\\WebSites\\www.steelstampede.com
		SccProjectEnlistmentChoice1 = 2
	EndGlobalSection
	GlobalSection(SolutionConfigurationPlatforms) = preSolution
		Debug|Any CPU = Debug|Any CPU
		Release|Any CPU = Release|Any CPU
	EndGlobalSection
	GlobalSection(ProjectConfigurationPlatforms) = postSolution
		{7284BD7D-55EA-4C8E-A7F8-BD324A81315B}.Debug|Any CPU.ActiveCfg = Debug|Any CPU
		{7284BD7D-55EA-4C8E-A7F8-BD324A81315B}.Debug|Any CPU.Build.0 = Debug|Any CPU
		{7284BD7D-55EA-4C8E-A7F8-BD324A81315B}.Release|Any CPU.ActiveCfg = Debug|Any CPU
		{7284BD7D-55EA-4C8E-A7F8-BD324A81315B}.Release|Any CPU.Build.0 = Debug|Any CPU
	EndGlobalSection
	GlobalSection(SolutionProperties) = preSolution
		HideSolutionNode = FALSE
	EndGlobalSection
EndGlobal
